
Microsoft Visual Studio Solution File, Format Version 12.00
# Visual Studio Version 16
VisualStudioVersion = 16.0.29709.97
MinimumVisualStudioVersion = 10.0.40219.1
Project("{FAE04EC0-301F-11D3-BF4B-00C04F79EFBC}") = "LinkedListAlgo", "LinkedListAlgo\LinkedListAlgo.csproj", "{6EA91A72-4D02-492F-A35F-D3122084638B}"
EndProject
Project("{FAE04EC0-301F-11D3-BF4B-00C04F79EFBC}") = "StackAlgo", "StackAlgo\StackAlgo.csproj", "{113BB0EA-A5B4-48BE-876C-5B3D4C2C9605}"
EndProject
Project("{FAE04EC0-301F-11D3-BF4B-00C04F79EFBC}") = "QueueAlgo", "QueueAlgo\QueueAlgo.csproj", "{F4F2CEDE-CC51-4698-8351-F7B82E0C8109}"
EndProject
Project("{FAE04EC0-301F-11D3-BF4B-00C04F79EFBC}") = "BinarySearchAlgo", "BinarySearchAlgo\BinarySearchAlgo.csproj", "{A222B6E7-8E5B-475C-9DDE-C24E0D39DA44}"
EndProject
Project("{FAE04EC0-301F-11D3-BF4B-00C04F79EFBC}") = "AbstractClassDemo", "AbstractClassDemo\AbstractClassDemo.csproj", "{AC2B3AA5-D376-4BED-800F-329FDB52BECE}"
EndProject
Project("{FAE04EC0-301F-11D3-BF4B-00C04F79EFBC}") = "FactoryPatternDemo", "FactoryPatternDemo\FactoryPatternDemo.csproj", "{F12EA380-8657-45C6-8AE0-ABB904025B2D}"
EndProject
Project("{FAE04EC0-301F-11D3-BF4B-00C04F79EFBC}") = "ConsumerDemo", "ConsumerDemo\ConsumerDemo.csproj", "{DAFE50F2-9A06-4416-92B7-12C827BEC147}"
EndProject
Project("{FAE04EC0-301F-11D3-BF4B-00C04F79EFBC}") = "TwoSum", "TwoSum\TwoSum.csproj", "{E205E391-3B33-4FE5-8901-56167256A301}"
EndProject
Project("{FAE04EC0-301F-11D3-BF4B-00C04F79EFBC}") = "LongestStringWithoutRepeat", "LongestStringWithoutRepeat\LongestStringWithoutRepeat.csproj", "{224DAF2D-BB2D-4C24-B821-217A502B71EA}"
EndProject
Project("{FAE04EC0-301F-11D3-BF4B-00C04F79EFBC}") = "LetterComboOfPhoneNumber", "LetterComboOfPhoneNumber\LetterComboOfPhoneNumber.csproj", "{2E17B722-277A-49CE-886F-E271C5188C06}"
EndProject
Project("{2150E333-8FDC-42A3-9474-1A3956D46DE8}") = "LinkList", "LinkList", "{B0570891-1B97-4CEA-BE71-66264338E154}"
EndProject
Project("{FAE04EC0-301F-11D3-BF4B-00C04F79EFBC}") = "AddTwoNumbers", "AddTwoNumbers\AddTwoNumbers.csproj", "{91CE6E8C-F308-4CE7-B8C6-B09672DD6AA6}"
EndProject
Project("{2150E333-8FDC-42A3-9474-1A3956D46DE8}") = "Array", "Array", "{E4DC58B4-EB2C-4899-BD14-4D910B572FDA}"
EndProject
Project("{FAE04EC0-301F-11D3-BF4B-00C04F79EFBC}") = "Rotate2DArray", "Rotate2DArray\Rotate2DArray.csproj", "{D33F836E-1019-47ED-889B-813879F3EFD7}"
EndProject
Project("{2150E333-8FDC-42A3-9474-1A3956D46DE8}") = "Recursive", "Recursive", "{63C3C5E1-580E-4AFC-85EC-73D6143A63F3}"
EndProject
Project("{FAE04EC0-301F-11D3-BF4B-00C04F79EFBC}") = "ReverseString", "ReverseString\ReverseString.csproj", "{C520B73D-8E38-436D-806B-F9B6097046EA}"
EndProject
Project("{FAE04EC0-301F-11D3-BF4B-00C04F79EFBC}") = "FibonacciNumber", "FibonacciNumber\FibonacciNumber.csproj", "{CD87CCD7-94A9-47E7-B7BD-302223D4011F}"
EndProject
Project("{8BC9CEB8-8B4A-11D0-8D11-00A0C91BC942}") = "DeleteNumbers", "DeleteNumbers\DeleteNumbers.vcxproj", "{9ACC0833-FAB1-489B-9968-5889E7B860C5}"
EndProject
Project("{2150E333-8FDC-42A3-9474-1A3956D46DE8}") = "Async", "Async", "{4E5FEA45-FB31-4C16-85B4-EE20614EEE5D}"
EndProject
Project("{FAE04EC0-301F-11D3-BF4B-00C04F79EFBC}") = "SimpleAsyncDemo", "SimpleAsyncDemo\SimpleAsyncDemo.csproj", "{718B22F4-6CA0-4BBE-91FE-70CE76F871B1}"
EndProject
Project("{FAE04EC0-301F-11D3-BF4B-00C04F79EFBC}") = "SumOfDigits", "SumOfDigits\SumOfDigits.csproj", "{0616C2A3-67CF-4356-8A3B-53591E900971}"
EndProject
Project("{FAE04EC0-301F-11D3-BF4B-00C04F79EFBC}") = "SimpleThreadDemo", "SimpleThreadDemo\SimpleThreadDemo.csproj", "{F1902636-DAE5-485F-879D-F1E7C64762BD}"
EndProject
Project("{2150E333-8FDC-42A3-9474-1A3956D46DE8}") = "Serialization", "Serialization", "{9CDEB93C-CEF2-4538-8F3F-DEF94E21334F}"
EndProject
Project("{FAE04EC0-301F-11D3-BF4B-00C04F79EFBC}") = "SerializeDemo", "SerializeDemo\SerializeDemo.csproj", "{51AD678A-E540-4189-B279-8440A7F66668}"
EndProject
Project("{2150E333-8FDC-42A3-9474-1A3956D46DE8}") = "Sorting", "Sorting", "{79C83A4A-11C1-4C41-9D85-686E101795D5}"
EndProject
Project("{FAE04EC0-301F-11D3-BF4B-00C04F79EFBC}") = "Sort012", "Sort012\Sort012.csproj", "{7E4CCB30-0E10-403F-9A2C-C4C3D5902567}"
EndProject
Project("{FAE04EC0-301F-11D3-BF4B-00C04F79EFBC}") = "FindRepetitiveNumber", "FindRepetitiveNumber\FindRepetitiveNumber.csproj", "{88E93D93-E67F-4FE9-905D-B2A7C1FDE999}"
EndProject
Project("{FAE04EC0-301F-11D3-BF4B-00C04F79EFBC}") = "DivideTwoIntegers", "DivideTwoIntegers\DivideTwoIntegers.csproj", "{B6735751-32E1-4054-B15C-9C599BC5AEF2}"
EndProject
Project("{FAE04EC0-301F-11D3-BF4B-00C04F79EFBC}") = "RemoveDuplicates", "RemoveDuplicates\RemoveDuplicates.csproj", "{49563B10-C0AD-4627-8191-73353F13087F}"
EndProject
Project("{FAE04EC0-301F-11D3-BF4B-00C04F79EFBC}") = "MergeSortedArray", "MergeSortedArray\MergeSortedArray.csproj", "{4023AFA3-D38A-4815-A306-CA976DC241FE}"
EndProject
Project("{FAE04EC0-301F-11D3-BF4B-00C04F79EFBC}") = "ValidateMathExpression", "ValidateMathExpression\ValidateMathExpression.csproj", "{F862C4FA-761F-48C8-9855-88490F2E1F35}"
EndProject
Project("{FAE04EC0-301F-11D3-BF4B-00C04F79EFBC}") = "GetCanonicalPath", "GetCanonicalPath\GetCanonicalPath.csproj", "{2B6D4A62-0E27-4CD8-B9BA-E83723809D9C}"
EndProject
Project("{FAE04EC0-301F-11D3-BF4B-00C04F79EFBC}") = "MergeSortThreeArray", "MergeSortThreeArray\MergeSortThreeArray.csproj", "{EE67A345-DE4F-4CCA-A687-17026562C5AA}"
EndProject
Project("{FAE04EC0-301F-11D3-BF4B-00C04F79EFBC}") = "ValidateIPAddress", "ValidateIPAddress\ValidateIPAddress.csproj", "{469E07CF-79C4-4927-9BF7-E603C85BAB73}"
EndProject
Project("{FAE04EC0-301F-11D3-BF4B-00C04F79EFBC}") = "ValidatePalindrome", "ValidatePalindrome\ValidatePalindrome.csproj", "{9C8A0D3D-C189-4237-A9D6-3F2F9A180871}"
EndProject
Project("{FAE04EC0-301F-11D3-BF4B-00C04F79EFBC}") = "FindMedianOfTwoSortedArrays", "FindMedianOfTwoSortedArrays\FindMedianOfTwoSortedArrays.csproj", "{2867B0C6-09BC-4472-8F04-0A242B1B0639}"
EndProject
Global
	GlobalSection(SolutionConfigurationPlatforms) = preSolution
		Debug|Any CPU = Debug|Any CPU
		Debug|x64 = Debug|x64
		Debug|x86 = Debug|x86
		Release|Any CPU = Release|Any CPU
		Release|x64 = Release|x64
		Release|x86 = Release|x86
	EndGlobalSection
	GlobalSection(ProjectConfigurationPlatforms) = postSolution
		{6EA91A72-4D02-492F-A35F-D3122084638B}.Debug|Any CPU.ActiveCfg = Debug|Any CPU
		{6EA91A72-4D02-492F-A35F-D3122084638B}.Debug|Any CPU.Build.0 = Debug|Any CPU
		{6EA91A72-4D02-492F-A35F-D3122084638B}.Debug|x64.ActiveCfg = Debug|Any CPU
		{6EA91A72-4D02-492F-A35F-D3122084638B}.Debug|x64.Build.0 = Debug|Any CPU
		{6EA91A72-4D02-492F-A35F-D3122084638B}.Debug|x86.ActiveCfg = Debug|Any CPU
		{6EA91A72-4D02-492F-A35F-D3122084638B}.Debug|x86.Build.0 = Debug|Any CPU
		{6EA91A72-4D02-492F-A35F-D3122084638B}.Release|Any CPU.ActiveCfg = Release|Any CPU
		{6EA91A72-4D02-492F-A35F-D3122084638B}.Release|Any CPU.Build.0 = Release|Any CPU
		{6EA91A72-4D02-492F-A35F-D3122084638B}.Release|x64.ActiveCfg = Release|Any CPU
		{6EA91A72-4D02-492F-A35F-D3122084638B}.Release|x64.Build.0 = Release|Any CPU
		{6EA91A72-4D02-492F-A35F-D3122084638B}.Release|x86.ActiveCfg = Release|Any CPU
		{6EA91A72-4D02-492F-A35F-D3122084638B}.Release|x86.Build.0 = Release|Any CPU
		{113BB0EA-A5B4-48BE-876C-5B3D4C2C9605}.Debug|Any CPU.ActiveCfg = Debug|Any CPU
		{113BB0EA-A5B4-48BE-876C-5B3D4C2C9605}.Debug|Any CPU.Build.0 = Debug|Any CPU
		{113BB0EA-A5B4-48BE-876C-5B3D4C2C9605}.Debug|x64.ActiveCfg = Debug|Any CPU
		{113BB0EA-A5B4-48BE-876C-5B3D4C2C9605}.Debug|x64.Build.0 = Debug|Any CPU
		{113BB0EA-A5B4-48BE-876C-5B3D4C2C9605}.Debug|x86.ActiveCfg = Debug|Any CPU
		{113BB0EA-A5B4-48BE-876C-5B3D4C2C9605}.Debug|x86.Build.0 = Debug|Any CPU
		{113BB0EA-A5B4-48BE-876C-5B3D4C2C9605}.Release|Any CPU.ActiveCfg = Release|Any CPU
		{113BB0EA-A5B4-48BE-876C-5B3D4C2C9605}.Release|Any CPU.Build.0 = Release|Any CPU
		{113BB0EA-A5B4-48BE-876C-5B3D4C2C9605}.Release|x64.ActiveCfg = Release|Any CPU
		{113BB0EA-A5B4-48BE-876C-5B3D4C2C9605}.Release|x64.Build.0 = Release|Any CPU
		{113BB0EA-A5B4-48BE-876C-5B3D4C2C9605}.Release|x86.ActiveCfg = Release|Any CPU
		{113BB0EA-A5B4-48BE-876C-5B3D4C2C9605}.Release|x86.Build.0 = Release|Any CPU
		{F4F2CEDE-CC51-4698-8351-F7B82E0C8109}.Debug|Any CPU.ActiveCfg = Debug|Any CPU
		{F4F2CEDE-CC51-4698-8351-F7B82E0C8109}.Debug|Any CPU.Build.0 = Debug|Any CPU
		{F4F2CEDE-CC51-4698-8351-F7B82E0C8109}.Debug|x64.ActiveCfg = Debug|Any CPU
		{F4F2CEDE-CC51-4698-8351-F7B82E0C8109}.Debug|x64.Build.0 = Debug|Any CPU
		{F4F2CEDE-CC51-4698-8351-F7B82E0C8109}.Debug|x86.ActiveCfg = Debug|Any CPU
		{F4F2CEDE-CC51-4698-8351-F7B82E0C8109}.Debug|x86.Build.0 = Debug|Any CPU
		{F4F2CEDE-CC51-4698-8351-F7B82E0C8109}.Release|Any CPU.ActiveCfg = Release|Any CPU
		{F4F2CEDE-CC51-4698-8351-F7B82E0C8109}.Release|Any CPU.Build.0 = Release|Any CPU
		{F4F2CEDE-CC51-4698-8351-F7B82E0C8109}.Release|x64.ActiveCfg = Release|Any CPU
		{F4F2CEDE-CC51-4698-8351-F7B82E0C8109}.Release|x64.Build.0 = Release|Any CPU
		{F4F2CEDE-CC51-4698-8351-F7B82E0C8109}.Release|x86.ActiveCfg = Release|Any CPU
		{F4F2CEDE-CC51-4698-8351-F7B82E0C8109}.Release|x86.Build.0 = Release|Any CPU
		{A222B6E7-8E5B-475C-9DDE-C24E0D39DA44}.Debug|Any CPU.ActiveCfg = Debug|Any CPU
		{A222B6E7-8E5B-475C-9DDE-C24E0D39DA44}.Debug|Any CPU.Build.0 = Debug|Any CPU
		{A222B6E7-8E5B-475C-9DDE-C24E0D39DA44}.Debug|x64.ActiveCfg = Debug|Any CPU
		{A222B6E7-8E5B-475C-9DDE-C24E0D39DA44}.Debug|x64.Build.0 = Debug|Any CPU
		{A222B6E7-8E5B-475C-9DDE-C24E0D39DA44}.Debug|x86.ActiveCfg = Debug|Any CPU
		{A222B6E7-8E5B-475C-9DDE-C24E0D39DA44}.Debug|x86.Build.0 = Debug|Any CPU
		{A222B6E7-8E5B-475C-9DDE-C24E0D39DA44}.Release|Any CPU.ActiveCfg = Release|Any CPU
		{A222B6E7-8E5B-475C-9DDE-C24E0D39DA44}.Release|Any CPU.Build.0 = Release|Any CPU
		{A222B6E7-8E5B-475C-9DDE-C24E0D39DA44}.Release|x64.ActiveCfg = Release|Any CPU
		{A222B6E7-8E5B-475C-9DDE-C24E0D39DA44}.Release|x64.Build.0 = Release|Any CPU
		{A222B6E7-8E5B-475C-9DDE-C24E0D39DA44}.Release|x86.ActiveCfg = Release|Any CPU
		{A222B6E7-8E5B-475C-9DDE-C24E0D39DA44}.Release|x86.Build.0 = Release|Any CPU
		{AC2B3AA5-D376-4BED-800F-329FDB52BECE}.Debug|Any CPU.ActiveCfg = Debug|Any CPU
		{AC2B3AA5-D376-4BED-800F-329FDB52BECE}.Debug|Any CPU.Build.0 = Debug|Any CPU
		{AC2B3AA5-D376-4BED-800F-329FDB52BECE}.Debug|x64.ActiveCfg = Debug|Any CPU
		{AC2B3AA5-D376-4BED-800F-329FDB52BECE}.Debug|x64.Build.0 = Debug|Any CPU
		{AC2B3AA5-D376-4BED-800F-329FDB52BECE}.Debug|x86.ActiveCfg = Debug|Any CPU
		{AC2B3AA5-D376-4BED-800F-329FDB52BECE}.Debug|x86.Build.0 = Debug|Any CPU
		{AC2B3AA5-D376-4BED-800F-329FDB52BECE}.Release|Any CPU.ActiveCfg = Release|Any CPU
		{AC2B3AA5-D376-4BED-800F-329FDB52BECE}.Release|Any CPU.Build.0 = Release|Any CPU
		{AC2B3AA5-D376-4BED-800F-329FDB52BECE}.Release|x64.ActiveCfg = Release|Any CPU
		{AC2B3AA5-D376-4BED-800F-329FDB52BECE}.Release|x64.Build.0 = Release|Any CPU
		{AC2B3AA5-D376-4BED-800F-329FDB52BECE}.Release|x86.ActiveCfg = Release|Any CPU
		{AC2B3AA5-D376-4BED-800F-329FDB52BECE}.Release|x86.Build.0 = Release|Any CPU
		{F12EA380-8657-45C6-8AE0-ABB904025B2D}.Debug|Any CPU.ActiveCfg = Debug|Any CPU
		{F12EA380-8657-45C6-8AE0-ABB904025B2D}.Debug|Any CPU.Build.0 = Debug|Any CPU
		{F12EA380-8657-45C6-8AE0-ABB904025B2D}.Debug|x64.ActiveCfg = Debug|Any CPU
		{F12EA380-8657-45C6-8AE0-ABB904025B2D}.Debug|x64.Build.0 = Debug|Any CPU
		{F12EA380-8657-45C6-8AE0-ABB904025B2D}.Debug|x86.ActiveCfg = Debug|Any CPU
		{F12EA380-8657-45C6-8AE0-ABB904025B2D}.Debug|x86.Build.0 = Debug|Any CPU
		{F12EA380-8657-45C6-8AE0-ABB904025B2D}.Release|Any CPU.ActiveCfg = Release|Any CPU
		{F12EA380-8657-45C6-8AE0-ABB904025B2D}.Release|Any CPU.Build.0 = Release|Any CPU
		{F12EA380-8657-45C6-8AE0-ABB904025B2D}.Release|x64.ActiveCfg = Release|Any CPU
		{F12EA380-8657-45C6-8AE0-ABB904025B2D}.Release|x64.Build.0 = Release|Any CPU
		{F12EA380-8657-45C6-8AE0-ABB904025B2D}.Release|x86.ActiveCfg = Release|Any CPU
		{F12EA380-8657-45C6-8AE0-ABB904025B2D}.Release|x86.Build.0 = Release|Any CPU
		{DAFE50F2-9A06-4416-92B7-12C827BEC147}.Debug|Any CPU.ActiveCfg = Debug|Any CPU
		{DAFE50F2-9A06-4416-92B7-12C827BEC147}.Debug|Any CPU.Build.0 = Debug|Any CPU
		{DAFE50F2-9A06-4416-92B7-12C827BEC147}.Debug|x64.ActiveCfg = Debug|Any CPU
		{DAFE50F2-9A06-4416-92B7-12C827BEC147}.Debug|x64.Build.0 = Debug|Any CPU
		{DAFE50F2-9A06-4416-92B7-12C827BEC147}.Debug|x86.ActiveCfg = Debug|Any CPU
		{DAFE50F2-9A06-4416-92B7-12C827BEC147}.Debug|x86.Build.0 = Debug|Any CPU
		{DAFE50F2-9A06-4416-92B7-12C827BEC147}.Release|Any CPU.ActiveCfg = Release|Any CPU
		{DAFE50F2-9A06-4416-92B7-12C827BEC147}.Release|Any CPU.Build.0 = Release|Any CPU
		{DAFE50F2-9A06-4416-92B7-12C827BEC147}.Release|x64.ActiveCfg = Release|Any CPU
		{DAFE50F2-9A06-4416-92B7-12C827BEC147}.Release|x64.Build.0 = Release|Any CPU
		{DAFE50F2-9A06-4416-92B7-12C827BEC147}.Release|x86.ActiveCfg = Release|Any CPU
		{DAFE50F2-9A06-4416-92B7-12C827BEC147}.Release|x86.Build.0 = Release|Any CPU
		{E205E391-3B33-4FE5-8901-56167256A301}.Debug|Any CPU.ActiveCfg = Debug|Any CPU
		{E205E391-3B33-4FE5-8901-56167256A301}.Debug|Any CPU.Build.0 = Debug|Any CPU
		{E205E391-3B33-4FE5-8901-56167256A301}.Debug|x64.ActiveCfg = Debug|Any CPU
		{E205E391-3B33-4FE5-8901-56167256A301}.Debug|x64.Build.0 = Debug|Any CPU
		{E205E391-3B33-4FE5-8901-56167256A301}.Debug|x86.ActiveCfg = Debug|Any CPU
		{E205E391-3B33-4FE5-8901-56167256A301}.Debug|x86.Build.0 = Debug|Any CPU
		{E205E391-3B33-4FE5-8901-56167256A301}.Release|Any CPU.ActiveCfg = Release|Any CPU
		{E205E391-3B33-4FE5-8901-56167256A301}.Release|Any CPU.Build.0 = Release|Any CPU
		{E205E391-3B33-4FE5-8901-56167256A301}.Release|x64.ActiveCfg = Release|Any CPU
		{E205E391-3B33-4FE5-8901-56167256A301}.Release|x64.Build.0 = Release|Any CPU
		{E205E391-3B33-4FE5-8901-56167256A301}.Release|x86.ActiveCfg = Release|Any CPU
		{E205E391-3B33-4FE5-8901-56167256A301}.Release|x86.Build.0 = Release|Any CPU
		{224DAF2D-BB2D-4C24-B821-217A502B71EA}.Debug|Any CPU.ActiveCfg = Debug|Any CPU
		{224DAF2D-BB2D-4C24-B821-217A502B71EA}.Debug|Any CPU.Build.0 = Debug|Any CPU
		{224DAF2D-BB2D-4C24-B821-217A502B71EA}.Debug|x64.ActiveCfg = Debug|Any CPU
		{224DAF2D-BB2D-4C24-B821-217A502B71EA}.Debug|x64.Build.0 = Debug|Any CPU
		{224DAF2D-BB2D-4C24-B821-217A502B71EA}.Debug|x86.ActiveCfg = Debug|Any CPU
		{224DAF2D-BB2D-4C24-B821-217A502B71EA}.Debug|x86.Build.0 = Debug|Any CPU
		{224DAF2D-BB2D-4C24-B821-217A502B71EA}.Release|Any CPU.ActiveCfg = Release|Any CPU
		{224DAF2D-BB2D-4C24-B821-217A502B71EA}.Release|Any CPU.Build.0 = Release|Any CPU
		{224DAF2D-BB2D-4C24-B821-217A502B71EA}.Release|x64.ActiveCfg = Release|Any CPU
		{224DAF2D-BB2D-4C24-B821-217A502B71EA}.Release|x64.Build.0 = Release|Any CPU
		{224DAF2D-BB2D-4C24-B821-217A502B71EA}.Release|x86.ActiveCfg = Release|Any CPU
		{224DAF2D-BB2D-4C24-B821-217A502B71EA}.Release|x86.Build.0 = Release|Any CPU
		{2E17B722-277A-49CE-886F-E271C5188C06}.Debug|Any CPU.ActiveCfg = Debug|Any CPU
		{2E17B722-277A-49CE-886F-E271C5188C06}.Debug|Any CPU.Build.0 = Debug|Any CPU
		{2E17B722-277A-49CE-886F-E271C5188C06}.Debug|x64.ActiveCfg = Debug|Any CPU
		{2E17B722-277A-49CE-886F-E271C5188C06}.Debug|x64.Build.0 = Debug|Any CPU
		{2E17B722-277A-49CE-886F-E271C5188C06}.Debug|x86.ActiveCfg = Debug|Any CPU
		{2E17B722-277A-49CE-886F-E271C5188C06}.Debug|x86.Build.0 = Debug|Any CPU
		{2E17B722-277A-49CE-886F-E271C5188C06}.Release|Any CPU.ActiveCfg = Release|Any CPU
		{2E17B722-277A-49CE-886F-E271C5188C06}.Release|Any CPU.Build.0 = Release|Any CPU
		{2E17B722-277A-49CE-886F-E271C5188C06}.Release|x64.ActiveCfg = Release|Any CPU
		{2E17B722-277A-49CE-886F-E271C5188C06}.Release|x64.Build.0 = Release|Any CPU
		{2E17B722-277A-49CE-886F-E271C5188C06}.Release|x86.ActiveCfg = Release|Any CPU
		{2E17B722-277A-49CE-886F-E271C5188C06}.Release|x86.Build.0 = Release|Any CPU
		{91CE6E8C-F308-4CE7-B8C6-B09672DD6AA6}.Debug|Any CPU.ActiveCfg = Debug|Any CPU
		{91CE6E8C-F308-4CE7-B8C6-B09672DD6AA6}.Debug|Any CPU.Build.0 = Debug|Any CPU
		{91CE6E8C-F308-4CE7-B8C6-B09672DD6AA6}.Debug|x64.ActiveCfg = Debug|Any CPU
		{91CE6E8C-F308-4CE7-B8C6-B09672DD6AA6}.Debug|x64.Build.0 = Debug|Any CPU
		{91CE6E8C-F308-4CE7-B8C6-B09672DD6AA6}.Debug|x86.ActiveCfg = Debug|Any CPU
		{91CE6E8C-F308-4CE7-B8C6-B09672DD6AA6}.Debug|x86.Build.0 = Debug|Any CPU
		{91CE6E8C-F308-4CE7-B8C6-B09672DD6AA6}.Release|Any CPU.ActiveCfg = Release|Any CPU
		{91CE6E8C-F308-4CE7-B8C6-B09672DD6AA6}.Release|Any CPU.Build.0 = Release|Any CPU
		{91CE6E8C-F308-4CE7-B8C6-B09672DD6AA6}.Release|x64.ActiveCfg = Release|Any CPU
		{91CE6E8C-F308-4CE7-B8C6-B09672DD6AA6}.Release|x64.Build.0 = Release|Any CPU
		{91CE6E8C-F308-4CE7-B8C6-B09672DD6AA6}.Release|x86.ActiveCfg = Release|Any CPU
		{91CE6E8C-F308-4CE7-B8C6-B09672DD6AA6}.Release|x86.Build.0 = Release|Any CPU
		{D33F836E-1019-47ED-889B-813879F3EFD7}.Debug|Any CPU.ActiveCfg = Debug|Any CPU
		{D33F836E-1019-47ED-889B-813879F3EFD7}.Debug|Any CPU.Build.0 = Debug|Any CPU
		{D33F836E-1019-47ED-889B-813879F3EFD7}.Debug|x64.ActiveCfg = Debug|Any CPU
		{D33F836E-1019-47ED-889B-813879F3EFD7}.Debug|x64.Build.0 = Debug|Any CPU
		{D33F836E-1019-47ED-889B-813879F3EFD7}.Debug|x86.ActiveCfg = Debug|Any CPU
		{D33F836E-1019-47ED-889B-813879F3EFD7}.Debug|x86.Build.0 = Debug|Any CPU
		{D33F836E-1019-47ED-889B-813879F3EFD7}.Release|Any CPU.ActiveCfg = Release|Any CPU
		{D33F836E-1019-47ED-889B-813879F3EFD7}.Release|Any CPU.Build.0 = Release|Any CPU
		{D33F836E-1019-47ED-889B-813879F3EFD7}.Release|x64.ActiveCfg = Release|Any CPU
		{D33F836E-1019-47ED-889B-813879F3EFD7}.Release|x64.Build.0 = Release|Any CPU
		{D33F836E-1019-47ED-889B-813879F3EFD7}.Release|x86.ActiveCfg = Release|Any CPU
		{D33F836E-1019-47ED-889B-813879F3EFD7}.Release|x86.Build.0 = Release|Any CPU
		{C520B73D-8E38-436D-806B-F9B6097046EA}.Debug|Any CPU.ActiveCfg = Debug|Any CPU
		{C520B73D-8E38-436D-806B-F9B6097046EA}.Debug|Any CPU.Build.0 = Debug|Any CPU
		{C520B73D-8E38-436D-806B-F9B6097046EA}.Debug|x64.ActiveCfg = Debug|Any CPU
		{C520B73D-8E38-436D-806B-F9B6097046EA}.Debug|x64.Build.0 = Debug|Any CPU
		{C520B73D-8E38-436D-806B-F9B6097046EA}.Debug|x86.ActiveCfg = Debug|Any CPU
		{C520B73D-8E38-436D-806B-F9B6097046EA}.Debug|x86.Build.0 = Debug|Any CPU
		{C520B73D-8E38-436D-806B-F9B6097046EA}.Release|Any CPU.ActiveCfg = Release|Any CPU
		{C520B73D-8E38-436D-806B-F9B6097046EA}.Release|Any CPU.Build.0 = Release|Any CPU
		{C520B73D-8E38-436D-806B-F9B6097046EA}.Release|x64.ActiveCfg = Release|Any CPU
		{C520B73D-8E38-436D-806B-F9B6097046EA}.Release|x64.Build.0 = Release|Any CPU
		{C520B73D-8E38-436D-806B-F9B6097046EA}.Release|x86.ActiveCfg = Release|Any CPU
		{C520B73D-8E38-436D-806B-F9B6097046EA}.Release|x86.Build.0 = Release|Any CPU
		{CD87CCD7-94A9-47E7-B7BD-302223D4011F}.Debug|Any CPU.ActiveCfg = Debug|Any CPU
		{CD87CCD7-94A9-47E7-B7BD-302223D4011F}.Debug|Any CPU.Build.0 = Debug|Any CPU
		{CD87CCD7-94A9-47E7-B7BD-302223D4011F}.Debug|x64.ActiveCfg = Debug|Any CPU
		{CD87CCD7-94A9-47E7-B7BD-302223D4011F}.Debug|x64.Build.0 = Debug|Any CPU
		{CD87CCD7-94A9-47E7-B7BD-302223D4011F}.Debug|x86.ActiveCfg = Debug|Any CPU
		{CD87CCD7-94A9-47E7-B7BD-302223D4011F}.Debug|x86.Build.0 = Debug|Any CPU
		{CD87CCD7-94A9-47E7-B7BD-302223D4011F}.Release|Any CPU.ActiveCfg = Release|Any CPU
		{CD87CCD7-94A9-47E7-B7BD-302223D4011F}.Release|Any CPU.Build.0 = Release|Any CPU
		{CD87CCD7-94A9-47E7-B7BD-302223D4011F}.Release|x64.ActiveCfg = Release|Any CPU
		{CD87CCD7-94A9-47E7-B7BD-302223D4011F}.Release|x64.Build.0 = Release|Any CPU
		{CD87CCD7-94A9-47E7-B7BD-302223D4011F}.Release|x86.ActiveCfg = Release|Any CPU
		{CD87CCD7-94A9-47E7-B7BD-302223D4011F}.Release|x86.Build.0 = Release|Any CPU
		{9ACC0833-FAB1-489B-9968-5889E7B860C5}.Debug|Any CPU.ActiveCfg = Debug|Win32
		{9ACC0833-FAB1-489B-9968-5889E7B860C5}.Debug|x64.ActiveCfg = Debug|x64
		{9ACC0833-FAB1-489B-9968-5889E7B860C5}.Debug|x64.Build.0 = Debug|x64
		{9ACC0833-FAB1-489B-9968-5889E7B860C5}.Debug|x86.ActiveCfg = Debug|Win32
		{9ACC0833-FAB1-489B-9968-5889E7B860C5}.Debug|x86.Build.0 = Debug|Win32
		{9ACC0833-FAB1-489B-9968-5889E7B860C5}.Release|Any CPU.ActiveCfg = Release|Win32
		{9ACC0833-FAB1-489B-9968-5889E7B860C5}.Release|x64.ActiveCfg = Release|x64
		{9ACC0833-FAB1-489B-9968-5889E7B860C5}.Release|x64.Build.0 = Release|x64
		{9ACC0833-FAB1-489B-9968-5889E7B860C5}.Release|x86.ActiveCfg = Release|Win32
		{9ACC0833-FAB1-489B-9968-5889E7B860C5}.Release|x86.Build.0 = Release|Win32
		{718B22F4-6CA0-4BBE-91FE-70CE76F871B1}.Debug|Any CPU.ActiveCfg = Debug|Any CPU
		{718B22F4-6CA0-4BBE-91FE-70CE76F871B1}.Debug|Any CPU.Build.0 = Debug|Any CPU
		{718B22F4-6CA0-4BBE-91FE-70CE76F871B1}.Debug|x64.ActiveCfg = Debug|Any CPU
		{718B22F4-6CA0-4BBE-91FE-70CE76F871B1}.Debug|x64.Build.0 = Debug|Any CPU
		{718B22F4-6CA0-4BBE-91FE-70CE76F871B1}.Debug|x86.ActiveCfg = Debug|Any CPU
		{718B22F4-6CA0-4BBE-91FE-70CE76F871B1}.Debug|x86.Build.0 = Debug|Any CPU
		{718B22F4-6CA0-4BBE-91FE-70CE76F871B1}.Release|Any CPU.ActiveCfg = Release|Any CPU
		{718B22F4-6CA0-4BBE-91FE-70CE76F871B1}.Release|Any CPU.Build.0 = Release|Any CPU
		{718B22F4-6CA0-4BBE-91FE-70CE76F871B1}.Release|x64.ActiveCfg = Release|Any CPU
		{718B22F4-6CA0-4BBE-91FE-70CE76F871B1}.Release|x64.Build.0 = Release|Any CPU
		{718B22F4-6CA0-4BBE-91FE-70CE76F871B1}.Release|x86.ActiveCfg = Release|Any CPU
		{718B22F4-6CA0-4BBE-91FE-70CE76F871B1}.Release|x86.Build.0 = Release|Any CPU
		{0616C2A3-67CF-4356-8A3B-53591E900971}.Debug|Any CPU.ActiveCfg = Debug|Any CPU
		{0616C2A3-67CF-4356-8A3B-53591E900971}.Debug|Any CPU.Build.0 = Debug|Any CPU
		{0616C2A3-67CF-4356-8A3B-53591E900971}.Debug|x64.ActiveCfg = Debug|Any CPU
		{0616C2A3-67CF-4356-8A3B-53591E900971}.Debug|x64.Build.0 = Debug|Any CPU
		{0616C2A3-67CF-4356-8A3B-53591E900971}.Debug|x86.ActiveCfg = Debug|Any CPU
		{0616C2A3-67CF-4356-8A3B-53591E900971}.Debug|x86.Build.0 = Debug|Any CPU
		{0616C2A3-67CF-4356-8A3B-53591E900971}.Release|Any CPU.ActiveCfg = Release|Any CPU
		{0616C2A3-67CF-4356-8A3B-53591E900971}.Release|Any CPU.Build.0 = Release|Any CPU
		{0616C2A3-67CF-4356-8A3B-53591E900971}.Release|x64.ActiveCfg = Release|Any CPU
		{0616C2A3-67CF-4356-8A3B-53591E900971}.Release|x64.Build.0 = Release|Any CPU
		{0616C2A3-67CF-4356-8A3B-53591E900971}.Release|x86.ActiveCfg = Release|Any CPU
		{0616C2A3-67CF-4356-8A3B-53591E900971}.Release|x86.Build.0 = Release|Any CPU
		{F1902636-DAE5-485F-879D-F1E7C64762BD}.Debug|Any CPU.ActiveCfg = Debug|Any CPU
		{F1902636-DAE5-485F-879D-F1E7C64762BD}.Debug|Any CPU.Build.0 = Debug|Any CPU
		{F1902636-DAE5-485F-879D-F1E7C64762BD}.Debug|x64.ActiveCfg = Debug|Any CPU
		{F1902636-DAE5-485F-879D-F1E7C64762BD}.Debug|x64.Build.0 = Debug|Any CPU
		{F1902636-DAE5-485F-879D-F1E7C64762BD}.Debug|x86.ActiveCfg = Debug|Any CPU
		{F1902636-DAE5-485F-879D-F1E7C64762BD}.Debug|x86.Build.0 = Debug|Any CPU
		{F1902636-DAE5-485F-879D-F1E7C64762BD}.Release|Any CPU.ActiveCfg = Release|Any CPU
		{F1902636-DAE5-485F-879D-F1E7C64762BD}.Release|Any CPU.Build.0 = Release|Any CPU
		{F1902636-DAE5-485F-879D-F1E7C64762BD}.Release|x64.ActiveCfg = Release|Any CPU
		{F1902636-DAE5-485F-879D-F1E7C64762BD}.Release|x64.Build.0 = Release|Any CPU
		{F1902636-DAE5-485F-879D-F1E7C64762BD}.Release|x86.ActiveCfg = Release|Any CPU
		{F1902636-DAE5-485F-879D-F1E7C64762BD}.Release|x86.Build.0 = Release|Any CPU
		{51AD678A-E540-4189-B279-8440A7F66668}.Debug|Any CPU.ActiveCfg = Debug|Any CPU
		{51AD678A-E540-4189-B279-8440A7F66668}.Debug|Any CPU.Build.0 = Debug|Any CPU
		{51AD678A-E540-4189-B279-8440A7F66668}.Debug|x64.ActiveCfg = Debug|Any CPU
		{51AD678A-E540-4189-B279-8440A7F66668}.Debug|x64.Build.0 = Debug|Any CPU
		{51AD678A-E540-4189-B279-8440A7F66668}.Debug|x86.ActiveCfg = Debug|Any CPU
		{51AD678A-E540-4189-B279-8440A7F66668}.Debug|x86.Build.0 = Debug|Any CPU
		{51AD678A-E540-4189-B279-8440A7F66668}.Release|Any CPU.ActiveCfg = Release|Any CPU
		{51AD678A-E540-4189-B279-8440A7F66668}.Release|Any CPU.Build.0 = Release|Any CPU
		{51AD678A-E540-4189-B279-8440A7F66668}.Release|x64.ActiveCfg = Release|Any CPU
		{51AD678A-E540-4189-B279-8440A7F66668}.Release|x64.Build.0 = Release|Any CPU
		{51AD678A-E540-4189-B279-8440A7F66668}.Release|x86.ActiveCfg = Release|Any CPU
		{51AD678A-E540-4189-B279-8440A7F66668}.Release|x86.Build.0 = Release|Any CPU
		{7E4CCB30-0E10-403F-9A2C-C4C3D5902567}.Debug|Any CPU.ActiveCfg = Debug|Any CPU
		{7E4CCB30-0E10-403F-9A2C-C4C3D5902567}.Debug|Any CPU.Build.0 = Debug|Any CPU
		{7E4CCB30-0E10-403F-9A2C-C4C3D5902567}.Debug|x64.ActiveCfg = Debug|Any CPU
		{7E4CCB30-0E10-403F-9A2C-C4C3D5902567}.Debug|x64.Build.0 = Debug|Any CPU
		{7E4CCB30-0E10-403F-9A2C-C4C3D5902567}.Debug|x86.ActiveCfg = Debug|Any CPU
		{7E4CCB30-0E10-403F-9A2C-C4C3D5902567}.Debug|x86.Build.0 = Debug|Any CPU
		{7E4CCB30-0E10-403F-9A2C-C4C3D5902567}.Release|Any CPU.ActiveCfg = Release|Any CPU
		{7E4CCB30-0E10-403F-9A2C-C4C3D5902567}.Release|Any CPU.Build.0 = Release|Any CPU
		{7E4CCB30-0E10-403F-9A2C-C4C3D5902567}.Release|x64.ActiveCfg = Release|Any CPU
		{7E4CCB30-0E10-403F-9A2C-C4C3D5902567}.Release|x64.Build.0 = Release|Any CPU
		{7E4CCB30-0E10-403F-9A2C-C4C3D5902567}.Release|x86.ActiveCfg = Release|Any CPU
		{7E4CCB30-0E10-403F-9A2C-C4C3D5902567}.Release|x86.Build.0 = Release|Any CPU
		{88E93D93-E67F-4FE9-905D-B2A7C1FDE999}.Debug|Any CPU.ActiveCfg = Debug|Any CPU
		{88E93D93-E67F-4FE9-905D-B2A7C1FDE999}.Debug|Any CPU.Build.0 = Debug|Any CPU
		{88E93D93-E67F-4FE9-905D-B2A7C1FDE999}.Debug|x64.ActiveCfg = Debug|Any CPU
		{88E93D93-E67F-4FE9-905D-B2A7C1FDE999}.Debug|x64.Build.0 = Debug|Any CPU
		{88E93D93-E67F-4FE9-905D-B2A7C1FDE999}.Debug|x86.ActiveCfg = Debug|Any CPU
		{88E93D93-E67F-4FE9-905D-B2A7C1FDE999}.Debug|x86.Build.0 = Debug|Any CPU
		{88E93D93-E67F-4FE9-905D-B2A7C1FDE999}.Release|Any CPU.ActiveCfg = Release|Any CPU
		{88E93D93-E67F-4FE9-905D-B2A7C1FDE999}.Release|Any CPU.Build.0 = Release|Any CPU
		{88E93D93-E67F-4FE9-905D-B2A7C1FDE999}.Release|x64.ActiveCfg = Release|Any CPU
		{88E93D93-E67F-4FE9-905D-B2A7C1FDE999}.Release|x64.Build.0 = Release|Any CPU
		{88E93D93-E67F-4FE9-905D-B2A7C1FDE999}.Release|x86.ActiveCfg = Release|Any CPU
		{88E93D93-E67F-4FE9-905D-B2A7C1FDE999}.Release|x86.Build.0 = Release|Any CPU
		{B6735751-32E1-4054-B15C-9C599BC5AEF2}.Debug|Any CPU.ActiveCfg = Debug|Any CPU
		{B6735751-32E1-4054-B15C-9C599BC5AEF2}.Debug|Any CPU.Build.0 = Debug|Any CPU
		{B6735751-32E1-4054-B15C-9C599BC5AEF2}.Debug|x64.ActiveCfg = Debug|Any CPU
		{B6735751-32E1-4054-B15C-9C599BC5AEF2}.Debug|x64.Build.0 = Debug|Any CPU
		{B6735751-32E1-4054-B15C-9C599BC5AEF2}.Debug|x86.ActiveCfg = Debug|Any CPU
		{B6735751-32E1-4054-B15C-9C599BC5AEF2}.Debug|x86.Build.0 = Debug|Any CPU
		{B6735751-32E1-4054-B15C-9C599BC5AEF2}.Release|Any CPU.ActiveCfg = Release|Any CPU
		{B6735751-32E1-4054-B15C-9C599BC5AEF2}.Release|Any CPU.Build.0 = Release|Any CPU
		{B6735751-32E1-4054-B15C-9C599BC5AEF2}.Release|x64.ActiveCfg = Release|Any CPU
		{B6735751-32E1-4054-B15C-9C599BC5AEF2}.Release|x64.Build.0 = Release|Any CPU
		{B6735751-32E1-4054-B15C-9C599BC5AEF2}.Release|x86.ActiveCfg = Release|Any CPU
		{B6735751-32E1-4054-B15C-9C599BC5AEF2}.Release|x86.Build.0 = Release|Any CPU
		{49563B10-C0AD-4627-8191-73353F13087F}.Debug|Any CPU.ActiveCfg = Debug|Any CPU
		{49563B10-C0AD-4627-8191-73353F13087F}.Debug|Any CPU.Build.0 = Debug|Any CPU
		{49563B10-C0AD-4627-8191-73353F13087F}.Debug|x64.ActiveCfg = Debug|Any CPU
		{49563B10-C0AD-4627-8191-73353F13087F}.Debug|x64.Build.0 = Debug|Any CPU
		{49563B10-C0AD-4627-8191-73353F13087F}.Debug|x86.ActiveCfg = Debug|Any CPU
		{49563B10-C0AD-4627-8191-73353F13087F}.Debug|x86.Build.0 = Debug|Any CPU
		{49563B10-C0AD-4627-8191-73353F13087F}.Release|Any CPU.ActiveCfg = Release|Any CPU
		{49563B10-C0AD-4627-8191-73353F13087F}.Release|Any CPU.Build.0 = Release|Any CPU
		{49563B10-C0AD-4627-8191-73353F13087F}.Release|x64.ActiveCfg = Release|Any CPU
		{49563B10-C0AD-4627-8191-73353F13087F}.Release|x64.Build.0 = Release|Any CPU
		{49563B10-C0AD-4627-8191-73353F13087F}.Release|x86.ActiveCfg = Release|Any CPU
		{49563B10-C0AD-4627-8191-73353F13087F}.Release|x86.Build.0 = Release|Any CPU
		{4023AFA3-D38A-4815-A306-CA976DC241FE}.Debug|Any CPU.ActiveCfg = Debug|Any CPU
		{4023AFA3-D38A-4815-A306-CA976DC241FE}.Debug|Any CPU.Build.0 = Debug|Any CPU
		{4023AFA3-D38A-4815-A306-CA976DC241FE}.Debug|x64.ActiveCfg = Debug|Any CPU
		{4023AFA3-D38A-4815-A306-CA976DC241FE}.Debug|x64.Build.0 = Debug|Any CPU
		{4023AFA3-D38A-4815-A306-CA976DC241FE}.Debug|x86.ActiveCfg = Debug|Any CPU
		{4023AFA3-D38A-4815-A306-CA976DC241FE}.Debug|x86.Build.0 = Debug|Any CPU
		{4023AFA3-D38A-4815-A306-CA976DC241FE}.Release|Any CPU.ActiveCfg = Release|Any CPU
		{4023AFA3-D38A-4815-A306-CA976DC241FE}.Release|Any CPU.Build.0 = Release|Any CPU
		{4023AFA3-D38A-4815-A306-CA976DC241FE}.Release|x64.ActiveCfg = Release|Any CPU
		{4023AFA3-D38A-4815-A306-CA976DC241FE}.Release|x64.Build.0 = Release|Any CPU
		{4023AFA3-D38A-4815-A306-CA976DC241FE}.Release|x86.ActiveCfg = Release|Any CPU
		{4023AFA3-D38A-4815-A306-CA976DC241FE}.Release|x86.Build.0 = Release|Any CPU
		{F862C4FA-761F-48C8-9855-88490F2E1F35}.Debug|Any CPU.ActiveCfg = Debug|Any CPU
		{F862C4FA-761F-48C8-9855-88490F2E1F35}.Debug|Any CPU.Build.0 = Debug|Any CPU
		{F862C4FA-761F-48C8-9855-88490F2E1F35}.Debug|x64.ActiveCfg = Debug|Any CPU
		{F862C4FA-761F-48C8-9855-88490F2E1F35}.Debug|x64.Build.0 = Debug|Any CPU
		{F862C4FA-761F-48C8-9855-88490F2E1F35}.Debug|x86.ActiveCfg = Debug|Any CPU
		{F862C4FA-761F-48C8-9855-88490F2E1F35}.Debug|x86.Build.0 = Debug|Any CPU
		{F862C4FA-761F-48C8-9855-88490F2E1F35}.Release|Any CPU.ActiveCfg = Release|Any CPU
		{F862C4FA-761F-48C8-9855-88490F2E1F35}.Release|Any CPU.Build.0 = Release|Any CPU
		{F862C4FA-761F-48C8-9855-88490F2E1F35}.Release|x64.ActiveCfg = Release|Any CPU
		{F862C4FA-761F-48C8-9855-88490F2E1F35}.Release|x64.Build.0 = Release|Any CPU
		{F862C4FA-761F-48C8-9855-88490F2E1F35}.Release|x86.ActiveCfg = Release|Any CPU
		{F862C4FA-761F-48C8-9855-88490F2E1F35}.Release|x86.Build.0 = Release|Any CPU
		{2B6D4A62-0E27-4CD8-B9BA-E83723809D9C}.Debug|Any CPU.ActiveCfg = Debug|Any CPU
		{2B6D4A62-0E27-4CD8-B9BA-E83723809D9C}.Debug|Any CPU.Build.0 = Debug|Any CPU
		{2B6D4A62-0E27-4CD8-B9BA-E83723809D9C}.Debug|x64.ActiveCfg = Debug|Any CPU
		{2B6D4A62-0E27-4CD8-B9BA-E83723809D9C}.Debug|x64.Build.0 = Debug|Any CPU
		{2B6D4A62-0E27-4CD8-B9BA-E83723809D9C}.Debug|x86.ActiveCfg = Debug|Any CPU
		{2B6D4A62-0E27-4CD8-B9BA-E83723809D9C}.Debug|x86.Build.0 = Debug|Any CPU
		{2B6D4A62-0E27-4CD8-B9BA-E83723809D9C}.Release|Any CPU.ActiveCfg = Release|Any CPU
		{2B6D4A62-0E27-4CD8-B9BA-E83723809D9C}.Release|Any CPU.Build.0 = Release|Any CPU
		{2B6D4A62-0E27-4CD8-B9BA-E83723809D9C}.Release|x64.ActiveCfg = Release|Any CPU
		{2B6D4A62-0E27-4CD8-B9BA-E83723809D9C}.Release|x64.Build.0 = Release|Any CPU
		{2B6D4A62-0E27-4CD8-B9BA-E83723809D9C}.Release|x86.ActiveCfg = Release|Any CPU
		{2B6D4A62-0E27-4CD8-B9BA-E83723809D9C}.Release|x86.Build.0 = Release|Any CPU
		{EE67A345-DE4F-4CCA-A687-17026562C5AA}.Debug|Any CPU.ActiveCfg = Debug|Any CPU
		{EE67A345-DE4F-4CCA-A687-17026562C5AA}.Debug|Any CPU.Build.0 = Debug|Any CPU
		{EE67A345-DE4F-4CCA-A687-17026562C5AA}.Debug|x64.ActiveCfg = Debug|Any CPU
		{EE67A345-DE4F-4CCA-A687-17026562C5AA}.Debug|x64.Build.0 = Debug|Any CPU
		{EE67A345-DE4F-4CCA-A687-17026562C5AA}.Debug|x86.ActiveCfg = Debug|Any CPU
		{EE67A345-DE4F-4CCA-A687-17026562C5AA}.Debug|x86.Build.0 = Debug|Any CPU
		{EE67A345-DE4F-4CCA-A687-17026562C5AA}.Release|Any CPU.ActiveCfg = Release|Any CPU
		{EE67A345-DE4F-4CCA-A687-17026562C5AA}.Release|Any CPU.Build.0 = Release|Any CPU
		{EE67A345-DE4F-4CCA-A687-17026562C5AA}.Release|x64.ActiveCfg = Release|Any CPU
		{EE67A345-DE4F-4CCA-A687-17026562C5AA}.Release|x64.Build.0 = Release|Any CPU
		{EE67A345-DE4F-4CCA-A687-17026562C5AA}.Release|x86.ActiveCfg = Release|Any CPU
		{EE67A345-DE4F-4CCA-A687-17026562C5AA}.Release|x86.Build.0 = Release|Any CPU
		{469E07CF-79C4-4927-9BF7-E603C85BAB73}.Debug|Any CPU.ActiveCfg = Debug|Any CPU
		{469E07CF-79C4-4927-9BF7-E603C85BAB73}.Debug|Any CPU.Build.0 = Debug|Any CPU
		{469E07CF-79C4-4927-9BF7-E603C85BAB73}.Debug|x64.ActiveCfg = Debug|Any CPU
		{469E07CF-79C4-4927-9BF7-E603C85BAB73}.Debug|x64.Build.0 = Debug|Any CPU
		{469E07CF-79C4-4927-9BF7-E603C85BAB73}.Debug|x86.ActiveCfg = Debug|Any CPU
		{469E07CF-79C4-4927-9BF7-E603C85BAB73}.Debug|x86.Build.0 = Debug|Any CPU
		{469E07CF-79C4-4927-9BF7-E603C85BAB73}.Release|Any CPU.ActiveCfg = Release|Any CPU
		{469E07CF-79C4-4927-9BF7-E603C85BAB73}.Release|Any CPU.Build.0 = Release|Any CPU
		{469E07CF-79C4-4927-9BF7-E603C85BAB73}.Release|x64.ActiveCfg = Release|Any CPU
		{469E07CF-79C4-4927-9BF7-E603C85BAB73}.Release|x64.Build.0 = Release|Any CPU
		{469E07CF-79C4-4927-9BF7-E603C85BAB73}.Release|x86.ActiveCfg = Release|Any CPU
		{469E07CF-79C4-4927-9BF7-E603C85BAB73}.Release|x86.Build.0 = Release|Any CPU
		{9C8A0D3D-C189-4237-A9D6-3F2F9A180871}.Debug|Any CPU.ActiveCfg = Debug|Any CPU
		{9C8A0D3D-C189-4237-A9D6-3F2F9A180871}.Debug|Any CPU.Build.0 = Debug|Any CPU
		{9C8A0D3D-C189-4237-A9D6-3F2F9A180871}.Debug|x64.ActiveCfg = Debug|Any CPU
		{9C8A0D3D-C189-4237-A9D6-3F2F9A180871}.Debug|x64.Build.0 = Debug|Any CPU
		{9C8A0D3D-C189-4237-A9D6-3F2F9A180871}.Debug|x86.ActiveCfg = Debug|Any CPU
		{9C8A0D3D-C189-4237-A9D6-3F2F9A180871}.Debug|x86.Build.0 = Debug|Any CPU
		{9C8A0D3D-C189-4237-A9D6-3F2F9A180871}.Release|Any CPU.ActiveCfg = Release|Any CPU
		{9C8A0D3D-C189-4237-A9D6-3F2F9A180871}.Release|Any CPU.Build.0 = Release|Any CPU
		{9C8A0D3D-C189-4237-A9D6-3F2F9A180871}.Release|x64.ActiveCfg = Release|Any CPU
		{9C8A0D3D-C189-4237-A9D6-3F2F9A180871}.Release|x64.Build.0 = Release|Any CPU
		{9C8A0D3D-C189-4237-A9D6-3F2F9A180871}.Release|x86.ActiveCfg = Release|Any CPU
		{9C8A0D3D-C189-4237-A9D6-3F2F9A180871}.Release|x86.Build.0 = Release|Any CPU
		{2867B0C6-09BC-4472-8F04-0A242B1B0639}.Debug|Any CPU.ActiveCfg = Debug|Any CPU
		{2867B0C6-09BC-4472-8F04-0A242B1B0639}.Debug|Any CPU.Build.0 = Debug|Any CPU
		{2867B0C6-09BC-4472-8F04-0A242B1B0639}.Debug|x64.ActiveCfg = Debug|Any CPU
		{2867B0C6-09BC-4472-8F04-0A242B1B0639}.Debug|x64.Build.0 = Debug|Any CPU
		{2867B0C6-09BC-4472-8F04-0A242B1B0639}.Debug|x86.ActiveCfg = Debug|Any CPU
		{2867B0C6-09BC-4472-8F04-0A242B1B0639}.Debug|x86.Build.0 = Debug|Any CPU
		{2867B0C6-09BC-4472-8F04-0A242B1B0639}.Release|Any CPU.ActiveCfg = Release|Any CPU
		{2867B0C6-09BC-4472-8F04-0A242B1B0639}.Release|Any CPU.Build.0 = Release|Any CPU
		{2867B0C6-09BC-4472-8F04-0A242B1B0639}.Release|x64.ActiveCfg = Release|Any CPU
		{2867B0C6-09BC-4472-8F04-0A242B1B0639}.Release|x64.Build.0 = Release|Any CPU
		{2867B0C6-09BC-4472-8F04-0A242B1B0639}.Release|x86.ActiveCfg = Release|Any CPU
		{2867B0C6-09BC-4472-8F04-0A242B1B0639}.Release|x86.Build.0 = Release|Any CPU
	EndGlobalSection
	GlobalSection(SolutionProperties) = preSolution
		HideSolutionNode = FALSE
	EndGlobalSection
	GlobalSection(NestedProjects) = preSolution
		{6EA91A72-4D02-492F-A35F-D3122084638B} = {B0570891-1B97-4CEA-BE71-66264338E154}
		{91CE6E8C-F308-4CE7-B8C6-B09672DD6AA6} = {B0570891-1B97-4CEA-BE71-66264338E154}
		{D33F836E-1019-47ED-889B-813879F3EFD7} = {E4DC58B4-EB2C-4899-BD14-4D910B572FDA}
		{C520B73D-8E38-436D-806B-F9B6097046EA} = {63C3C5E1-580E-4AFC-85EC-73D6143A63F3}
		{CD87CCD7-94A9-47E7-B7BD-302223D4011F} = {63C3C5E1-580E-4AFC-85EC-73D6143A63F3}
		{9ACC0833-FAB1-489B-9968-5889E7B860C5} = {B0570891-1B97-4CEA-BE71-66264338E154}
		{718B22F4-6CA0-4BBE-91FE-70CE76F871B1} = {4E5FEA45-FB31-4C16-85B4-EE20614EEE5D}
		{0616C2A3-67CF-4356-8A3B-53591E900971} = {63C3C5E1-580E-4AFC-85EC-73D6143A63F3}
		{F1902636-DAE5-485F-879D-F1E7C64762BD} = {4E5FEA45-FB31-4C16-85B4-EE20614EEE5D}
		{51AD678A-E540-4189-B279-8440A7F66668} = {9CDEB93C-CEF2-4538-8F3F-DEF94E21334F}
		{7E4CCB30-0E10-403F-9A2C-C4C3D5902567} = {79C83A4A-11C1-4C41-9D85-686E101795D5}
		{88E93D93-E67F-4FE9-905D-B2A7C1FDE999} = {E4DC58B4-EB2C-4899-BD14-4D910B572FDA}
		{49563B10-C0AD-4627-8191-73353F13087F} = {E4DC58B4-EB2C-4899-BD14-4D910B572FDA}
		{4023AFA3-D38A-4815-A306-CA976DC241FE} = {79C83A4A-11C1-4C41-9D85-686E101795D5}
		{F862C4FA-761F-48C8-9855-88490F2E1F35} = {E4DC58B4-EB2C-4899-BD14-4D910B572FDA}
		{EE67A345-DE4F-4CCA-A687-17026562C5AA} = {E4DC58B4-EB2C-4899-BD14-4D910B572FDA}
		{469E07CF-79C4-4927-9BF7-E603C85BAB73} = {E4DC58B4-EB2C-4899-BD14-4D910B572FDA}
		{9C8A0D3D-C189-4237-A9D6-3F2F9A180871} = {E4DC58B4-EB2C-4899-BD14-4D910B572FDA}
		{2867B0C6-09BC-4472-8F04-0A242B1B0639} = {E4DC58B4-EB2C-4899-BD14-4D910B572FDA}
	EndGlobalSection
	GlobalSection(ExtensibilityGlobals) = postSolution
		SolutionGuid = {7FE05D40-D1BD-415A-B93C-459C47CC4572}
	EndGlobalSection
EndGlobal
