
Microsoft Visual Studio Solution File, Format Version 12.00
# Visual Studio 15
VisualStudioVersion = 15.0.26228.52
MinimumVisualStudioVersion = 10.0.40219.1
Project("{FAE04EC0-301F-11D3-BF4B-00C04F79EFBC}") = "LinkedListAlgo", "LinkedListAlgo\LinkedListAlgo.csproj", "{6EA91A72-4D02-492F-A35F-D3122084638B}"
EndProject
Project("{FAE04EC0-301F-11D3-BF4B-00C04F79EFBC}") = "StackAlgo", "StackAlgo\StackAlgo.csproj", "{113BB0EA-A5B4-48BE-876C-5B3D4C2C9605}"
EndProject
Project("{FAE04EC0-301F-11D3-BF4B-00C04F79EFBC}") = "QueueAlgo", "QueueAlgo\QueueAlgo.csproj", "{F4F2CEDE-CC51-4698-8351-F7B82E0C8109}"
EndProject
Project("{FAE04EC0-301F-11D3-BF4B-00C04F79EFBC}") = "BinarySearchAlgo", "BinarySearchAlgo\BinarySearchAlgo.csproj", "{A222B6E7-8E5B-475C-9DDE-C24E0D39DA44}"
EndProject
Global
	GlobalSection(SolutionConfigurationPlatforms) = preSolution
		Debug|Any CPU = Debug|Any CPU
		Release|Any CPU = Release|Any CPU
	EndGlobalSection
	GlobalSection(ProjectConfigurationPlatforms) = postSolution
		{6EA91A72-4D02-492F-A35F-D3122084638B}.Debug|Any CPU.ActiveCfg = Debug|Any CPU
		{6EA91A72-4D02-492F-A35F-D3122084638B}.Debug|Any CPU.Build.0 = Debug|Any CPU
		{6EA91A72-4D02-492F-A35F-D3122084638B}.Release|Any CPU.ActiveCfg = Release|Any CPU
		{6EA91A72-4D02-492F-A35F-D3122084638B}.Release|Any CPU.Build.0 = Release|Any CPU
		{113BB0EA-A5B4-48BE-876C-5B3D4C2C9605}.Debug|Any CPU.ActiveCfg = Debug|Any CPU
		{113BB0EA-A5B4-48BE-876C-5B3D4C2C9605}.Debug|Any CPU.Build.0 = Debug|Any CPU
		{113BB0EA-A5B4-48BE-876C-5B3D4C2C9605}.Release|Any CPU.ActiveCfg = Release|Any CPU
		{113BB0EA-A5B4-48BE-876C-5B3D4C2C9605}.Release|Any CPU.Build.0 = Release|Any CPU
		{F4F2CEDE-CC51-4698-8351-F7B82E0C8109}.Debug|Any CPU.ActiveCfg = Debug|Any CPU
		{F4F2CEDE-CC51-4698-8351-F7B82E0C8109}.Debug|Any CPU.Build.0 = Debug|Any CPU
		{F4F2CEDE-CC51-4698-8351-F7B82E0C8109}.Release|Any CPU.ActiveCfg = Release|Any CPU
		{F4F2CEDE-CC51-4698-8351-F7B82E0C8109}.Release|Any CPU.Build.0 = Release|Any CPU
		{A222B6E7-8E5B-475C-9DDE-C24E0D39DA44}.Debug|Any CPU.ActiveCfg = Debug|Any CPU
		{A222B6E7-8E5B-475C-9DDE-C24E0D39DA44}.Debug|Any CPU.Build.0 = Debug|Any CPU
		{A222B6E7-8E5B-475C-9DDE-C24E0D39DA44}.Release|Any CPU.ActiveCfg = Release|Any CPU
		{A222B6E7-8E5B-475C-9DDE-C24E0D39DA44}.Release|Any CPU.Build.0 = Release|Any CPU
	EndGlobalSection
	GlobalSection(SolutionProperties) = preSolution
		HideSolutionNode = FALSE
	EndGlobalSection
EndGlobal
