
Microsoft Visual Studio Solution File, Format Version 12.00
# Visual Studio Version 16
VisualStudioVersion = 16.0.29709.97
MinimumVisualStudioVersion = 10.0.40219.1
Project("{FAE04EC0-301F-11D3-BF4B-00C04F79EFBC}") = "ECommerce.Api.Products", "ECommerce.Api.Products\ECommerce.Api.Products.csproj", "{76FA804B-761B-4F0B-9692-747016D36924}"
EndProject
Project("{FAE04EC0-301F-11D3-BF4B-00C04F79EFBC}") = "ECommerce.Api.Customers", "ECommerce.Api.Customers\ECommerce.Api.Customers.csproj", "{E178F7AD-43E0-4B41-A9BE-88851D9300EE}"
EndProject
Project("{FAE04EC0-301F-11D3-BF4B-00C04F79EFBC}") = "ECommerce.Api.Orders", "ECommerce.Api.Orders\ECommerce.Api.Orders.csproj", "{5C44587A-DF95-48C8-B7C1-6D8EE1F66E3D}"
EndProject
Project("{FAE04EC0-301F-11D3-BF4B-00C04F79EFBC}") = "ECommerce.Api.Search", "ECommerce.Api.Search\ECommerce.Api.Search.csproj", "{0D566DD4-3758-4BAF-82AD-B6C2106AD880}"
EndProject
Global
	GlobalSection(SolutionConfigurationPlatforms) = preSolution
		Debug|Any CPU = Debug|Any CPU
		Release|Any CPU = Release|Any CPU
	EndGlobalSection
	GlobalSection(ProjectConfigurationPlatforms) = postSolution
		{76FA804B-761B-4F0B-9692-747016D36924}.Debug|Any CPU.ActiveCfg = Debug|Any CPU
		{76FA804B-761B-4F0B-9692-747016D36924}.Debug|Any CPU.Build.0 = Debug|Any CPU
		{76FA804B-761B-4F0B-9692-747016D36924}.Release|Any CPU.ActiveCfg = Release|Any CPU
		{76FA804B-761B-4F0B-9692-747016D36924}.Release|Any CPU.Build.0 = Release|Any CPU
		{E178F7AD-43E0-4B41-A9BE-88851D9300EE}.Debug|Any CPU.ActiveCfg = Debug|Any CPU
		{E178F7AD-43E0-4B41-A9BE-88851D9300EE}.Debug|Any CPU.Build.0 = Debug|Any CPU
		{E178F7AD-43E0-4B41-A9BE-88851D9300EE}.Release|Any CPU.ActiveCfg = Release|Any CPU
		{E178F7AD-43E0-4B41-A9BE-88851D9300EE}.Release|Any CPU.Build.0 = Release|Any CPU
		{5C44587A-DF95-48C8-B7C1-6D8EE1F66E3D}.Debug|Any CPU.ActiveCfg = Debug|Any CPU
		{5C44587A-DF95-48C8-B7C1-6D8EE1F66E3D}.Debug|Any CPU.Build.0 = Debug|Any CPU
		{5C44587A-DF95-48C8-B7C1-6D8EE1F66E3D}.Release|Any CPU.ActiveCfg = Release|Any CPU
		{5C44587A-DF95-48C8-B7C1-6D8EE1F66E3D}.Release|Any CPU.Build.0 = Release|Any CPU
		{0D566DD4-3758-4BAF-82AD-B6C2106AD880}.Debug|Any CPU.ActiveCfg = Debug|Any CPU
		{0D566DD4-3758-4BAF-82AD-B6C2106AD880}.Debug|Any CPU.Build.0 = Debug|Any CPU
		{0D566DD4-3758-4BAF-82AD-B6C2106AD880}.Release|Any CPU.ActiveCfg = Release|Any CPU
		{0D566DD4-3758-4BAF-82AD-B6C2106AD880}.Release|Any CPU.Build.0 = Release|Any CPU
	EndGlobalSection
	GlobalSection(SolutionProperties) = preSolution
		HideSolutionNode = FALSE
	EndGlobalSection
	GlobalSection(ExtensibilityGlobals) = postSolution
		SolutionGuid = {2D1ACDCD-95DD-471A-9F8E-B79700575AB2}
	EndGlobalSection
EndGlobal
