
Microsoft Visual Studio Solution File, Format Version 12.00
# Visual Studio Version 16
VisualStudioVersion = 16.0.29709.97
MinimumVisualStudioVersion = 10.0.40219.1
Project("{FAE04EC0-301F-11D3-BF4B-00C04F79EFBC}") = "PrismWpfDemo", "PrismWpfDemo\PrismWpfDemo.csproj", "{A9838C55-79D1-440E-8538-062836D16F42}"
EndProject
Global
	GlobalSection(SolutionConfigurationPlatforms) = preSolution
		Debug|Any CPU = Debug|Any CPU
		Release|Any CPU = Release|Any CPU
	EndGlobalSection
	GlobalSection(ProjectConfigurationPlatforms) = postSolution
		{A9838C55-79D1-440E-8538-062836D16F42}.Debug|Any CPU.ActiveCfg = Debug|Any CPU
		{A9838C55-79D1-440E-8538-062836D16F42}.Debug|Any CPU.Build.0 = Debug|Any CPU
		{A9838C55-79D1-440E-8538-062836D16F42}.Release|Any CPU.ActiveCfg = Release|Any CPU
		{A9838C55-79D1-440E-8538-062836D16F42}.Release|Any CPU.Build.0 = Release|Any CPU
	EndGlobalSection
	GlobalSection(SolutionProperties) = preSolution
		HideSolutionNode = FALSE
	EndGlobalSection
	GlobalSection(ExtensibilityGlobals) = postSolution
		SolutionGuid = {DE53BFD4-3381-4A3F-B6D7-7D6E8A2D4320}
	EndGlobalSection
EndGlobal
